// !$*UTF8*$!
{
	archiveVersion = 1;
	classes = {
	};
	objectVersion = 51;
	objects = {

/* Begin PBXBuildFile section */
		270A0320C9A67B492078B145 /* Pods_SwiftMotorcycles.framework in Frameworks */ = {isa = PBXBuildFile; fileRef = 6A7E0B07C5C6B02920447DBA /* Pods_SwiftMotorcycles.framework */; };
		957508692226747E00BC905A /* AppDelegate.swift in Sources */ = {isa = PBXBuildFile; fileRef = 957508682226747E00BC905A /* AppDelegate.swift */; };
		9575086E2226747E00BC905A /* Main.storyboard in Resources */ = {isa = PBXBuildFile; fileRef = 9575086C2226747E00BC905A /* Main.storyboard */; };
		957508702226747F00BC905A /* Assets.xcassets in Resources */ = {isa = PBXBuildFile; fileRef = 9575086F2226747F00BC905A /* Assets.xcassets */; };
		957508732226747F00BC905A /* LaunchScreen.storyboard in Resources */ = {isa = PBXBuildFile; fileRef = 957508712226747F00BC905A /* LaunchScreen.storyboard */; };
		9575087E2226747F00BC905A /* MotorcyclesViewModelTests.swift in Sources */ = {isa = PBXBuildFile; fileRef = 9575087D2226747F00BC905A /* MotorcyclesViewModelTests.swift */; };
		957508892226747F00BC905A /* SwiftMotorcyclesUITests.swift in Sources */ = {isa = PBXBuildFile; fileRef = 957508882226747F00BC905A /* SwiftMotorcyclesUITests.swift */; };
		957508992226799900BC905A /* Motorcycle.swift in Sources */ = {isa = PBXBuildFile; fileRef = 957508982226799900BC905A /* Motorcycle.swift */; };
		9575089B22267A5D00BC905A /* WebResponse.swift in Sources */ = {isa = PBXBuildFile; fileRef = 9575089A22267A5D00BC905A /* WebResponse.swift */; };
		D01BBB8725D5795400BD0A86 /* MotorcyclesViewModel.swift in Sources */ = {isa = PBXBuildFile; fileRef = D01BBB8625D5795400BD0A86 /* MotorcyclesViewModel.swift */; };
		D01BBB9925D5858A00BD0A86 /* MotorcyclesViewController.swift in Sources */ = {isa = PBXBuildFile; fileRef = D01BBB9825D5858A00BD0A86 /* MotorcyclesViewController.swift */; };
		D0229EE125D5667E0044448B /* Configuration.swift in Sources */ = {isa = PBXBuildFile; fileRef = D0229EE025D5667E0044448B /* Configuration.swift */; };
		D0229EE725D567050044448B /* WebService.swift in Sources */ = {isa = PBXBuildFile; fileRef = D0229EE625D567050044448B /* WebService.swift */; };
		D0D3F0C125DE7A74002616EE /* MotorcyclesViewModel.swift in Sources */ = {isa = PBXBuildFile; fileRef = D01BBB8625D5795400BD0A86 /* MotorcyclesViewModel.swift */; };
		D0D3F0CC25DE7A97002616EE /* WebResponse.swift in Sources */ = {isa = PBXBuildFile; fileRef = 9575089A22267A5D00BC905A /* WebResponse.swift */; };
		D0D3F0D025DE7A9A002616EE /* Motorcycle.swift in Sources */ = {isa = PBXBuildFile; fileRef = 957508982226799900BC905A /* Motorcycle.swift */; };
		D0D3F0D425DE7AA1002616EE /* WebService.swift in Sources */ = {isa = PBXBuildFile; fileRef = D0229EE625D567050044448B /* WebService.swift */; };
		D0D3F0D825DE7ADA002616EE /* Configuration.swift in Sources */ = {isa = PBXBuildFile; fileRef = D0229EE025D5667E0044448B /* Configuration.swift */; };
		D0D3F0DE25DE8180002616EE /* WebServiceMock.swift in Sources */ = {isa = PBXBuildFile; fileRef = D0D3F0DD25DE8180002616EE /* WebServiceMock.swift */; };
		EFFF7CDA204EA33192110502 /* Pods_SwiftMotorcycles_SwiftMotorcyclesUITests.framework in Frameworks */ = {isa = PBXBuildFile; fileRef = 5E501FA2507BFC2644D86867 /* Pods_SwiftMotorcycles_SwiftMotorcyclesUITests.framework */; };
		FA0AE3B222B757C94FF0FBCD /* Pods_SwiftMotorcyclesTests.framework in Frameworks */ = {isa = PBXBuildFile; fileRef = 0D9A030560C36AA76FE099FF /* Pods_SwiftMotorcyclesTests.framework */; };
/* End PBXBuildFile section */

/* Begin PBXContainerItemProxy section */
		9575087A2226747F00BC905A /* PBXContainerItemProxy */ = {
			isa = PBXContainerItemProxy;
			containerPortal = 9575085D2226747E00BC905A /* Project object */;
			proxyType = 1;
			remoteGlobalIDString = 957508642226747E00BC905A;
			remoteInfo = SwiftMotorcycles;
		};
		957508852226747F00BC905A /* PBXContainerItemProxy */ = {
			isa = PBXContainerItemProxy;
			containerPortal = 9575085D2226747E00BC905A /* Project object */;
			proxyType = 1;
			remoteGlobalIDString = 957508642226747E00BC905A;
			remoteInfo = SwiftMotorcycles;
		};
/* End PBXContainerItemProxy section */

/* Begin PBXFileReference section */
		027835A7540B1149AE87C7E9 /* Pods-SwiftMotorcyclesTests.debug.xcconfig */ = {isa = PBXFileReference; includeInIndex = 1; lastKnownFileType = text.xcconfig; name = "Pods-SwiftMotorcyclesTests.debug.xcconfig"; path = "Target Support Files/Pods-SwiftMotorcyclesTests/Pods-SwiftMotorcyclesTests.debug.xcconfig"; sourceTree = "<group>"; };
		0D9A030560C36AA76FE099FF /* Pods_SwiftMotorcyclesTests.framework */ = {isa = PBXFileReference; explicitFileType = wrapper.framework; includeInIndex = 0; path = Pods_SwiftMotorcyclesTests.framework; sourceTree = BUILT_PRODUCTS_DIR; };
		176BCFF32211AD395B867376 /* Pods-SwiftMotorcycles-SwiftMotorcyclesUITests.release.xcconfig */ = {isa = PBXFileReference; includeInIndex = 1; lastKnownFileType = text.xcconfig; name = "Pods-SwiftMotorcycles-SwiftMotorcyclesUITests.release.xcconfig"; path = "Target Support Files/Pods-SwiftMotorcycles-SwiftMotorcyclesUITests/Pods-SwiftMotorcycles-SwiftMotorcyclesUITests.release.xcconfig"; sourceTree = "<group>"; };
		1AAD7EC140455439DA7F0848 /* Pods-SwiftMotorcycles.release.xcconfig */ = {isa = PBXFileReference; includeInIndex = 1; lastKnownFileType = text.xcconfig; name = "Pods-SwiftMotorcycles.release.xcconfig"; path = "Target Support Files/Pods-SwiftMotorcycles/Pods-SwiftMotorcycles.release.xcconfig"; sourceTree = "<group>"; };
		3AE7FADDDB9492F1B0BAB60C /* Pods-SwiftMotorcycles-SwiftMotorcyclesUITests.debug.xcconfig */ = {isa = PBXFileReference; includeInIndex = 1; lastKnownFileType = text.xcconfig; name = "Pods-SwiftMotorcycles-SwiftMotorcyclesUITests.debug.xcconfig"; path = "Target Support Files/Pods-SwiftMotorcycles-SwiftMotorcyclesUITests/Pods-SwiftMotorcycles-SwiftMotorcyclesUITests.debug.xcconfig"; sourceTree = "<group>"; };
		5E501FA2507BFC2644D86867 /* Pods_SwiftMotorcycles_SwiftMotorcyclesUITests.framework */ = {isa = PBXFileReference; explicitFileType = wrapper.framework; includeInIndex = 0; path = Pods_SwiftMotorcycles_SwiftMotorcyclesUITests.framework; sourceTree = BUILT_PRODUCTS_DIR; };
		6A7E0B07C5C6B02920447DBA /* Pods_SwiftMotorcycles.framework */ = {isa = PBXFileReference; explicitFileType = wrapper.framework; includeInIndex = 0; path = Pods_SwiftMotorcycles.framework; sourceTree = BUILT_PRODUCTS_DIR; };
		957508652226747E00BC905A /* Motorcycles.app */ = {isa = PBXFileReference; explicitFileType = wrapper.application; includeInIndex = 0; path = Motorcycles.app; sourceTree = BUILT_PRODUCTS_DIR; };
		957508682226747E00BC905A /* AppDelegate.swift */ = {isa = PBXFileReference; lastKnownFileType = sourcecode.swift; path = AppDelegate.swift; sourceTree = "<group>"; };
		9575086D2226747E00BC905A /* Base */ = {isa = PBXFileReference; lastKnownFileType = file.storyboard; name = Base; path = Base.lproj/Main.storyboard; sourceTree = "<group>"; };
		9575086F2226747F00BC905A /* Assets.xcassets */ = {isa = PBXFileReference; lastKnownFileType = folder.assetcatalog; path = Assets.xcassets; sourceTree = "<group>"; };
		957508722226747F00BC905A /* Base */ = {isa = PBXFileReference; lastKnownFileType = file.storyboard; name = Base; path = Base.lproj/LaunchScreen.storyboard; sourceTree = "<group>"; };
		957508742226747F00BC905A /* Info.plist */ = {isa = PBXFileReference; lastKnownFileType = text.plist.xml; path = Info.plist; sourceTree = "<group>"; };
		957508792226747F00BC905A /* SwiftMotorcyclesTests.xctest */ = {isa = PBXFileReference; explicitFileType = wrapper.cfbundle; includeInIndex = 0; path = SwiftMotorcyclesTests.xctest; sourceTree = BUILT_PRODUCTS_DIR; };
		9575087D2226747F00BC905A /* MotorcyclesViewModelTests.swift */ = {isa = PBXFileReference; lastKnownFileType = sourcecode.swift; path = MotorcyclesViewModelTests.swift; sourceTree = "<group>"; };
		9575087F2226747F00BC905A /* Info.plist */ = {isa = PBXFileReference; lastKnownFileType = text.plist.xml; path = Info.plist; sourceTree = "<group>"; };
		957508842226747F00BC905A /* SwiftMotorcyclesUITests.xctest */ = {isa = PBXFileReference; explicitFileType = wrapper.cfbundle; includeInIndex = 0; path = SwiftMotorcyclesUITests.xctest; sourceTree = BUILT_PRODUCTS_DIR; };
		957508882226747F00BC905A /* SwiftMotorcyclesUITests.swift */ = {isa = PBXFileReference; lastKnownFileType = sourcecode.swift; path = SwiftMotorcyclesUITests.swift; sourceTree = "<group>"; };
		9575088A2226747F00BC905A /* Info.plist */ = {isa = PBXFileReference; lastKnownFileType = text.plist.xml; path = Info.plist; sourceTree = "<group>"; };
		957508982226799900BC905A /* Motorcycle.swift */ = {isa = PBXFileReference; lastKnownFileType = sourcecode.swift; path = Motorcycle.swift; sourceTree = "<group>"; };
		9575089A22267A5D00BC905A /* WebResponse.swift */ = {isa = PBXFileReference; lastKnownFileType = sourcecode.swift; path = WebResponse.swift; sourceTree = "<group>"; };
		B1520A579CDDC00F8CD083E3 /* Pods-SwiftMotorcyclesTests.release.xcconfig */ = {isa = PBXFileReference; includeInIndex = 1; lastKnownFileType = text.xcconfig; name = "Pods-SwiftMotorcyclesTests.release.xcconfig"; path = "Target Support Files/Pods-SwiftMotorcyclesTests/Pods-SwiftMotorcyclesTests.release.xcconfig"; sourceTree = "<group>"; };
		D01BBB8625D5795400BD0A86 /* MotorcyclesViewModel.swift */ = {isa = PBXFileReference; lastKnownFileType = sourcecode.swift; path = MotorcyclesViewModel.swift; sourceTree = "<group>"; };
		D01BBB9825D5858A00BD0A86 /* MotorcyclesViewController.swift */ = {isa = PBXFileReference; lastKnownFileType = sourcecode.swift; path = MotorcyclesViewController.swift; sourceTree = "<group>"; };
		D0229EE025D5667E0044448B /* Configuration.swift */ = {isa = PBXFileReference; lastKnownFileType = sourcecode.swift; path = Configuration.swift; sourceTree = "<group>"; };
		D0229EE625D567050044448B /* WebService.swift */ = {isa = PBXFileReference; lastKnownFileType = sourcecode.swift; path = WebService.swift; sourceTree = "<group>"; };
		D0D3F0DD25DE8180002616EE /* WebServiceMock.swift */ = {isa = PBXFileReference; lastKnownFileType = sourcecode.swift; path = WebServiceMock.swift; sourceTree = "<group>"; };
		D7AA7368D4E88C8E566CBB8A /* Pods-SwiftMotorcycles.debug.xcconfig */ = {isa = PBXFileReference; includeInIndex = 1; lastKnownFileType = text.xcconfig; name = "Pods-SwiftMotorcycles.debug.xcconfig"; path = "Target Support Files/Pods-SwiftMotorcycles/Pods-SwiftMotorcycles.debug.xcconfig"; sourceTree = "<group>"; };
/* End PBXFileReference section */

/* Begin PBXFrameworksBuildPhase section */
		957508622226747E00BC905A /* Frameworks */ = {
			isa = PBXFrameworksBuildPhase;
			buildActionMask = 2147483647;
			files = (
				270A0320C9A67B492078B145 /* Pods_SwiftMotorcycles.framework in Frameworks */,
			);
			runOnlyForDeploymentPostprocessing = 0;
		};
		957508762226747F00BC905A /* Frameworks */ = {
			isa = PBXFrameworksBuildPhase;
			buildActionMask = 2147483647;
			files = (
				FA0AE3B222B757C94FF0FBCD /* Pods_SwiftMotorcyclesTests.framework in Frameworks */,
			);
			runOnlyForDeploymentPostprocessing = 0;
		};
		957508812226747F00BC905A /* Frameworks */ = {
			isa = PBXFrameworksBuildPhase;
			buildActionMask = 2147483647;
			files = (
				EFFF7CDA204EA33192110502 /* Pods_SwiftMotorcycles_SwiftMotorcyclesUITests.framework in Frameworks */,
			);
			runOnlyForDeploymentPostprocessing = 0;
		};
/* End PBXFrameworksBuildPhase section */

/* Begin PBXGroup section */
		154451DC261F22BAAD0A2520 /* Pods */ = {
			isa = PBXGroup;
			children = (
				D7AA7368D4E88C8E566CBB8A /* Pods-SwiftMotorcycles.debug.xcconfig */,
				1AAD7EC140455439DA7F0848 /* Pods-SwiftMotorcycles.release.xcconfig */,
				3AE7FADDDB9492F1B0BAB60C /* Pods-SwiftMotorcycles-SwiftMotorcyclesUITests.debug.xcconfig */,
				176BCFF32211AD395B867376 /* Pods-SwiftMotorcycles-SwiftMotorcyclesUITests.release.xcconfig */,
				027835A7540B1149AE87C7E9 /* Pods-SwiftMotorcyclesTests.debug.xcconfig */,
				B1520A579CDDC00F8CD083E3 /* Pods-SwiftMotorcyclesTests.release.xcconfig */,
			);
			path = Pods;
			sourceTree = "<group>";
		};
		73E975A2B8CB8E4D6496D71A /* Frameworks */ = {
			isa = PBXGroup;
			children = (
				6A7E0B07C5C6B02920447DBA /* Pods_SwiftMotorcycles.framework */,
				5E501FA2507BFC2644D86867 /* Pods_SwiftMotorcycles_SwiftMotorcyclesUITests.framework */,
				0D9A030560C36AA76FE099FF /* Pods_SwiftMotorcyclesTests.framework */,
			);
			name = Frameworks;
			sourceTree = "<group>";
		};
		9575085C2226747E00BC905A = {
			isa = PBXGroup;
			children = (
				957508672226747E00BC905A /* SwiftMotorcycles */,
				9575087C2226747F00BC905A /* SwiftMotorcyclesTests */,
				957508872226747F00BC905A /* SwiftMotorcyclesUITests */,
				957508662226747E00BC905A /* Products */,
				154451DC261F22BAAD0A2520 /* Pods */,
				73E975A2B8CB8E4D6496D71A /* Frameworks */,
			);
			sourceTree = "<group>";
		};
		957508662226747E00BC905A /* Products */ = {
			isa = PBXGroup;
			children = (
				957508652226747E00BC905A /* Motorcycles.app */,
				957508792226747F00BC905A /* SwiftMotorcyclesTests.xctest */,
				957508842226747F00BC905A /* SwiftMotorcyclesUITests.xctest */,
			);
			name = Products;
			sourceTree = "<group>";
		};
		957508672226747E00BC905A /* SwiftMotorcycles */ = {
			isa = PBXGroup;
			children = (
				9575089E222684BE00BC905A /* Common */,
				95750896222678D300BC905A /* Model */,
				D0229EE525D566DF0044448B /* Service */,
				95750897222678E600BC905A /* View */,
				D01BBB8525D5792200BD0A86 /* ViewModel */,
				957508682226747E00BC905A /* AppDelegate.swift */,
				9575086F2226747F00BC905A /* Assets.xcassets */,
				957508712226747F00BC905A /* LaunchScreen.storyboard */,
				957508742226747F00BC905A /* Info.plist */,
			);
			path = SwiftMotorcycles;
			sourceTree = "<group>";
		};
		9575087C2226747F00BC905A /* SwiftMotorcyclesTests */ = {
			isa = PBXGroup;
			children = (
				D0D3F0DC25DE816B002616EE /* Common */,
				D0D3F0E525DE81DC002616EE /* Tests */,
				9575087F2226747F00BC905A /* Info.plist */,
			);
			path = SwiftMotorcyclesTests;
			sourceTree = "<group>";
		};
		957508872226747F00BC905A /* SwiftMotorcyclesUITests */ = {
			isa = PBXGroup;
			children = (
				957508882226747F00BC905A /* SwiftMotorcyclesUITests.swift */,
				9575088A2226747F00BC905A /* Info.plist */,
			);
			path = SwiftMotorcyclesUITests;
			sourceTree = "<group>";
		};
		95750896222678D300BC905A /* Model */ = {
			isa = PBXGroup;
			children = (
				9575089A22267A5D00BC905A /* WebResponse.swift */,
				957508982226799900BC905A /* Motorcycle.swift */,
			);
			path = Model;
			sourceTree = "<group>";
		};
		95750897222678E600BC905A /* View */ = {
			isa = PBXGroup;
			children = (
				9575086C2226747E00BC905A /* Main.storyboard */,
				D01BBB9825D5858A00BD0A86 /* MotorcyclesViewController.swift */,
			);
			path = View;
			sourceTree = "<group>";
		};
		9575089E222684BE00BC905A /* Common */ = {
			isa = PBXGroup;
			children = (
				D0229EE025D5667E0044448B /* Configuration.swift */,
			);
			path = Common;
			sourceTree = "<group>";
		};
		D01BBB8525D5792200BD0A86 /* ViewModel */ = {
			isa = PBXGroup;
			children = (
				D01BBB8625D5795400BD0A86 /* MotorcyclesViewModel.swift */,
			);
			path = ViewModel;
			sourceTree = "<group>";
		};
		D0229EE525D566DF0044448B /* Service */ = {
			isa = PBXGroup;
			children = (
				D0229EE625D567050044448B /* WebService.swift */,
			);
			path = Service;
			sourceTree = "<group>";
		};
		D0D3F0DC25DE816B002616EE /* Common */ = {
			isa = PBXGroup;
			children = (
				D0D3F0DD25DE8180002616EE /* WebServiceMock.swift */,
			);
			path = Common;
			sourceTree = "<group>";
		};
		D0D3F0E525DE81DC002616EE /* Tests */ = {
			isa = PBXGroup;
			children = (
				9575087D2226747F00BC905A /* MotorcyclesViewModelTests.swift */,
			);
			path = Tests;
			sourceTree = "<group>";
		};
/* End PBXGroup section */

/* Begin PBXNativeTarget section */
		957508642226747E00BC905A /* SwiftMotorcycles */ = {
			isa = PBXNativeTarget;
			buildConfigurationList = 9575088D2226747F00BC905A /* Build configuration list for PBXNativeTarget "SwiftMotorcycles" */;
			buildPhases = (
				8D014A1481B4070D2A40C4A4 /* [CP] Check Pods Manifest.lock */,
				957508612226747E00BC905A /* Sources */,
				957508622226747E00BC905A /* Frameworks */,
				957508632226747E00BC905A /* Resources */,
				03A512B98DBEF42F5821BA0D /* [CP] Embed Pods Frameworks */,
			);
			buildRules = (
			);
			dependencies = (
			);
			name = SwiftMotorcycles;
			productName = SwiftMotorcycles;
			productReference = 957508652226747E00BC905A /* Motorcycles.app */;
			productType = "com.apple.product-type.application";
		};
		957508782226747F00BC905A /* SwiftMotorcyclesTests */ = {
			isa = PBXNativeTarget;
			buildConfigurationList = 957508902226747F00BC905A /* Build configuration list for PBXNativeTarget "SwiftMotorcyclesTests" */;
			buildPhases = (
				0D783B27DBD14B3E706C12EF /* [CP] Check Pods Manifest.lock */,
				957508752226747F00BC905A /* Sources */,
				957508762226747F00BC905A /* Frameworks */,
				957508772226747F00BC905A /* Resources */,
			);
			buildRules = (
			);
			dependencies = (
				9575087B2226747F00BC905A /* PBXTargetDependency */,
			);
			name = SwiftMotorcyclesTests;
			productName = SwiftMotorcyclesTests;
			productReference = 957508792226747F00BC905A /* SwiftMotorcyclesTests.xctest */;
			productType = "com.apple.product-type.bundle.unit-test";
		};
		957508832226747F00BC905A /* SwiftMotorcyclesUITests */ = {
			isa = PBXNativeTarget;
			buildConfigurationList = 957508932226747F00BC905A /* Build configuration list for PBXNativeTarget "SwiftMotorcyclesUITests" */;
			buildPhases = (
				896A543BB49BB04D0F79A425 /* [CP] Check Pods Manifest.lock */,
				957508802226747F00BC905A /* Sources */,
				957508812226747F00BC905A /* Frameworks */,
				957508822226747F00BC905A /* Resources */,
				A4B57EB4477980B235C6B265 /* [CP] Embed Pods Frameworks */,
			);
			buildRules = (
			);
			dependencies = (
				957508862226747F00BC905A /* PBXTargetDependency */,
			);
			name = SwiftMotorcyclesUITests;
			productName = SwiftMotorcyclesUITests;
			productReference = 957508842226747F00BC905A /* SwiftMotorcyclesUITests.xctest */;
			productType = "com.apple.product-type.bundle.ui-testing";
		};
/* End PBXNativeTarget section */

/* Begin PBXProject section */
		9575085D2226747E00BC905A /* Project object */ = {
			isa = PBXProject;
			attributes = {
				LastSwiftUpdateCheck = 1010;
				LastUpgradeCheck = 1240;
				ORGANIZATIONNAME = "Jonas Frid";
				TargetAttributes = {
					957508642226747E00BC905A = {
						CreatedOnToolsVersion = 10.1;
						LastSwiftMigration = 1240;
					};
					957508782226747F00BC905A = {
						CreatedOnToolsVersion = 10.1;
						LastSwiftMigration = 1240;
						TestTargetID = 957508642226747E00BC905A;
					};
					957508832226747F00BC905A = {
						CreatedOnToolsVersion = 10.1;
						LastSwiftMigration = 1240;
						TestTargetID = 957508642226747E00BC905A;
					};
				};
			};
			buildConfigurationList = 957508602226747E00BC905A /* Build configuration list for PBXProject "SwiftMotorcycles" */;
			compatibilityVersion = "Xcode 9.3";
			developmentRegion = en;
			hasScannedForEncodings = 0;
			knownRegions = (
				en,
				Base,
			);
			mainGroup = 9575085C2226747E00BC905A;
			productRefGroup = 957508662226747E00BC905A /* Products */;
			projectDirPath = "";
			projectRoot = "";
			targets = (
				957508642226747E00BC905A /* SwiftMotorcycles */,
				957508782226747F00BC905A /* SwiftMotorcyclesTests */,
				957508832226747F00BC905A /* SwiftMotorcyclesUITests */,
			);
		};
/* End PBXProject section */

/* Begin PBXResourcesBuildPhase section */
		957508632226747E00BC905A /* Resources */ = {
			isa = PBXResourcesBuildPhase;
			buildActionMask = 2147483647;
			files = (
				957508732226747F00BC905A /* LaunchScreen.storyboard in Resources */,
				957508702226747F00BC905A /* Assets.xcassets in Resources */,
				9575086E2226747E00BC905A /* Main.storyboard in Resources */,
			);
			runOnlyForDeploymentPostprocessing = 0;
		};
		957508772226747F00BC905A /* Resources */ = {
			isa = PBXResourcesBuildPhase;
			buildActionMask = 2147483647;
			files = (
			);
			runOnlyForDeploymentPostprocessing = 0;
		};
		957508822226747F00BC905A /* Resources */ = {
			isa = PBXResourcesBuildPhase;
			buildActionMask = 2147483647;
			files = (
			);
			runOnlyForDeploymentPostprocessing = 0;
		};
/* End PBXResourcesBuildPhase section */

/* Begin PBXShellScriptBuildPhase section */
		03A512B98DBEF42F5821BA0D /* [CP] Embed Pods Frameworks */ = {
			isa = PBXShellScriptBuildPhase;
			buildActionMask = 2147483647;
			files = (
			);
			inputFileListPaths = (
				"${PODS_ROOT}/Target Support Files/Pods-SwiftMotorcycles/Pods-SwiftMotorcycles-frameworks-${CONFIGURATION}-input-files.xcfilelist",
			);
			name = "[CP] Embed Pods Frameworks";
			outputFileListPaths = (
				"${PODS_ROOT}/Target Support Files/Pods-SwiftMotorcycles/Pods-SwiftMotorcycles-frameworks-${CONFIGURATION}-output-files.xcfilelist",
			);
			runOnlyForDeploymentPostprocessing = 0;
			shellPath = /bin/sh;
			shellScript = "\"${PODS_ROOT}/Target Support Files/Pods-SwiftMotorcycles/Pods-SwiftMotorcycles-frameworks.sh\"\n";
			showEnvVarsInLog = 0;
		};
		0D783B27DBD14B3E706C12EF /* [CP] Check Pods Manifest.lock */ = {
			isa = PBXShellScriptBuildPhase;
			buildActionMask = 2147483647;
			files = (
			);
			inputFileListPaths = (
			);
			inputPaths = (
				"${PODS_PODFILE_DIR_PATH}/Podfile.lock",
				"${PODS_ROOT}/Manifest.lock",
			);
			name = "[CP] Check Pods Manifest.lock";
			outputFileListPaths = (
			);
			outputPaths = (
				"$(DERIVED_FILE_DIR)/Pods-SwiftMotorcyclesTests-checkManifestLockResult.txt",
			);
			runOnlyForDeploymentPostprocessing = 0;
			shellPath = /bin/sh;
			shellScript = "diff \"${PODS_PODFILE_DIR_PATH}/Podfile.lock\" \"${PODS_ROOT}/Manifest.lock\" > /dev/null\nif [ $? != 0 ] ; then\n    # print error to STDERR\n    echo \"error: The sandbox is not in sync with the Podfile.lock. Run 'pod install' or update your CocoaPods installation.\" >&2\n    exit 1\nfi\n# This output is used by Xcode 'outputs' to avoid re-running this script phase.\necho \"SUCCESS\" > \"${SCRIPT_OUTPUT_FILE_0}\"\n";
			showEnvVarsInLog = 0;
		};
		896A543BB49BB04D0F79A425 /* [CP] Check Pods Manifest.lock */ = {
			isa = PBXShellScriptBuildPhase;
			buildActionMask = 2147483647;
			files = (
			);
			inputFileListPaths = (
			);
			inputPaths = (
				"${PODS_PODFILE_DIR_PATH}/Podfile.lock",
				"${PODS_ROOT}/Manifest.lock",
			);
			name = "[CP] Check Pods Manifest.lock";
			outputFileListPaths = (
			);
			outputPaths = (
				"$(DERIVED_FILE_DIR)/Pods-SwiftMotorcycles-SwiftMotorcyclesUITests-checkManifestLockResult.txt",
			);
			runOnlyForDeploymentPostprocessing = 0;
			shellPath = /bin/sh;
			shellScript = "diff \"${PODS_PODFILE_DIR_PATH}/Podfile.lock\" \"${PODS_ROOT}/Manifest.lock\" > /dev/null\nif [ $? != 0 ] ; then\n    # print error to STDERR\n    echo \"error: The sandbox is not in sync with the Podfile.lock. Run 'pod install' or update your CocoaPods installation.\" >&2\n    exit 1\nfi\n# This output is used by Xcode 'outputs' to avoid re-running this script phase.\necho \"SUCCESS\" > \"${SCRIPT_OUTPUT_FILE_0}\"\n";
			showEnvVarsInLog = 0;
		};
		8D014A1481B4070D2A40C4A4 /* [CP] Check Pods Manifest.lock */ = {
			isa = PBXShellScriptBuildPhase;
			buildActionMask = 2147483647;
			files = (
			);
			inputFileListPaths = (
			);
			inputPaths = (
				"${PODS_PODFILE_DIR_PATH}/Podfile.lock",
				"${PODS_ROOT}/Manifest.lock",
			);
			name = "[CP] Check Pods Manifest.lock";
			outputFileListPaths = (
			);
			outputPaths = (
				"$(DERIVED_FILE_DIR)/Pods-SwiftMotorcycles-checkManifestLockResult.txt",
			);
			runOnlyForDeploymentPostprocessing = 0;
			shellPath = /bin/sh;
			shellScript = "diff \"${PODS_PODFILE_DIR_PATH}/Podfile.lock\" \"${PODS_ROOT}/Manifest.lock\" > /dev/null\nif [ $? != 0 ] ; then\n    # print error to STDERR\n    echo \"error: The sandbox is not in sync with the Podfile.lock. Run 'pod install' or update your CocoaPods installation.\" >&2\n    exit 1\nfi\n# This output is used by Xcode 'outputs' to avoid re-running this script phase.\necho \"SUCCESS\" > \"${SCRIPT_OUTPUT_FILE_0}\"\n";
			showEnvVarsInLog = 0;
		};
		A4B57EB4477980B235C6B265 /* [CP] Embed Pods Frameworks */ = {
			isa = PBXShellScriptBuildPhase;
			buildActionMask = 2147483647;
			files = (
			);
			inputFileListPaths = (
				"${PODS_ROOT}/Target Support Files/Pods-SwiftMotorcycles-SwiftMotorcyclesUITests/Pods-SwiftMotorcycles-SwiftMotorcyclesUITests-frameworks-${CONFIGURATION}-input-files.xcfilelist",
			);
			name = "[CP] Embed Pods Frameworks";
			outputFileListPaths = (
				"${PODS_ROOT}/Target Support Files/Pods-SwiftMotorcycles-SwiftMotorcyclesUITests/Pods-SwiftMotorcycles-SwiftMotorcyclesUITests-frameworks-${CONFIGURATION}-output-files.xcfilelist",
			);
			runOnlyForDeploymentPostprocessing = 0;
			shellPath = /bin/sh;
			shellScript = "\"${PODS_ROOT}/Target Support Files/Pods-SwiftMotorcycles-SwiftMotorcyclesUITests/Pods-SwiftMotorcycles-SwiftMotorcyclesUITests-frameworks.sh\"\n";
			showEnvVarsInLog = 0;
		};
/* End PBXShellScriptBuildPhase section */

/* Begin PBXSourcesBuildPhase section */
		957508612226747E00BC905A /* Sources */ = {
			isa = PBXSourcesBuildPhase;
			buildActionMask = 2147483647;
			files = (
				9575089B22267A5D00BC905A /* WebResponse.swift in Sources */,
				D0229EE725D567050044448B /* WebService.swift in Sources */,
				D0229EE125D5667E0044448B /* Configuration.swift in Sources */,
				D01BBB8725D5795400BD0A86 /* MotorcyclesViewModel.swift in Sources */,
				D01BBB9925D5858A00BD0A86 /* MotorcyclesViewController.swift in Sources */,
				957508992226799900BC905A /* Motorcycle.swift in Sources */,
				957508692226747E00BC905A /* AppDelegate.swift in Sources */,
			);
			runOnlyForDeploymentPostprocessing = 0;
		};
		957508752226747F00BC905A /* Sources */ = {
			isa = PBXSourcesBuildPhase;
			buildActionMask = 2147483647;
			files = (
				D0D3F0DE25DE8180002616EE /* WebServiceMock.swift in Sources */,
				D0D3F0D825DE7ADA002616EE /* Configuration.swift in Sources */,
				D0D3F0D025DE7A9A002616EE /* Motorcycle.swift in Sources */,
				9575087E2226747F00BC905A /* MotorcyclesViewModelTests.swift in Sources */,
				D0D3F0CC25DE7A97002616EE /* WebResponse.swift in Sources */,
				D0D3F0D425DE7AA1002616EE /* WebService.swift in Sources */,
				D0D3F0C125DE7A74002616EE /* MotorcyclesViewModel.swift in Sources */,
			);
			runOnlyForDeploymentPostprocessing = 0;
		};
		957508802226747F00BC905A /* Sources */ = {
			isa = PBXSourcesBuildPhase;
			buildActionMask = 2147483647;
			files = (
				957508892226747F00BC905A /* SwiftMotorcyclesUITests.swift in Sources */,
			);
			runOnlyForDeploymentPostprocessing = 0;
		};
/* End PBXSourcesBuildPhase section */

/* Begin PBXTargetDependency section */
		9575087B2226747F00BC905A /* PBXTargetDependency */ = {
			isa = PBXTargetDependency;
			target = 957508642226747E00BC905A /* SwiftMotorcycles */;
			targetProxy = 9575087A2226747F00BC905A /* PBXContainerItemProxy */;
		};
		957508862226747F00BC905A /* PBXTargetDependency */ = {
			isa = PBXTargetDependency;
			target = 957508642226747E00BC905A /* SwiftMotorcycles */;
			targetProxy = 957508852226747F00BC905A /* PBXContainerItemProxy */;
		};
/* End PBXTargetDependency section */

/* Begin PBXVariantGroup section */
		9575086C2226747E00BC905A /* Main.storyboard */ = {
			isa = PBXVariantGroup;
			children = (
				9575086D2226747E00BC905A /* Base */,
			);
			name = Main.storyboard;
			sourceTree = "<group>";
		};
		957508712226747F00BC905A /* LaunchScreen.storyboard */ = {
			isa = PBXVariantGroup;
			children = (
				957508722226747F00BC905A /* Base */,
			);
			name = LaunchScreen.storyboard;
			sourceTree = "<group>";
		};
/* End PBXVariantGroup section */

/* Begin XCBuildConfiguration section */
		9575088B2226747F00BC905A /* Debug */ = {
			isa = XCBuildConfiguration;
			buildSettings = {
				ALWAYS_SEARCH_USER_PATHS = NO;
				CLANG_ANALYZER_NONNULL = YES;
				CLANG_ANALYZER_NUMBER_OBJECT_CONVERSION = YES_AGGRESSIVE;
				CLANG_CXX_LANGUAGE_STANDARD = "gnu++14";
				CLANG_CXX_LIBRARY = "libc++";
				CLANG_ENABLE_MODULES = YES;
				CLANG_ENABLE_OBJC_ARC = YES;
				CLANG_ENABLE_OBJC_WEAK = YES;
				CLANG_WARN_BLOCK_CAPTURE_AUTORELEASING = YES;
				CLANG_WARN_BOOL_CONVERSION = YES;
				CLANG_WARN_COMMA = YES;
				CLANG_WARN_CONSTANT_CONVERSION = YES;
				CLANG_WARN_DEPRECATED_OBJC_IMPLEMENTATIONS = YES;
				CLANG_WARN_DIRECT_OBJC_ISA_USAGE = YES_ERROR;
				CLANG_WARN_DOCUMENTATION_COMMENTS = YES;
				CLANG_WARN_EMPTY_BODY = YES;
				CLANG_WARN_ENUM_CONVERSION = YES;
				CLANG_WARN_INFINITE_RECURSION = YES;
				CLANG_WARN_INT_CONVERSION = YES;
				CLANG_WARN_NON_LITERAL_NULL_CONVERSION = YES;
				CLANG_WARN_OBJC_IMPLICIT_RETAIN_SELF = YES;
				CLANG_WARN_OBJC_LITERAL_CONVERSION = YES;
				CLANG_WARN_OBJC_ROOT_CLASS = YES_ERROR;
				CLANG_WARN_QUOTED_INCLUDE_IN_FRAMEWORK_HEADER = YES;
				CLANG_WARN_RANGE_LOOP_ANALYSIS = YES;
				CLANG_WARN_STRICT_PROTOTYPES = YES;
				CLANG_WARN_SUSPICIOUS_MOVE = YES;
				CLANG_WARN_UNGUARDED_AVAILABILITY = YES_AGGRESSIVE;
				CLANG_WARN_UNREACHABLE_CODE = YES;
				CLANG_WARN__DUPLICATE_METHOD_MATCH = YES;
				CODE_SIGN_IDENTITY = "iPhone Developer";
				COPY_PHASE_STRIP = NO;
				DEBUG_INFORMATION_FORMAT = dwarf;
				ENABLE_STRICT_OBJC_MSGSEND = YES;
				ENABLE_TESTABILITY = YES;
				GCC_C_LANGUAGE_STANDARD = gnu11;
				GCC_DYNAMIC_NO_PIC = NO;
				GCC_NO_COMMON_BLOCKS = YES;
				GCC_OPTIMIZATION_LEVEL = 0;
				GCC_PREPROCESSOR_DEFINITIONS = (
					"DEBUG=1",
					"$(inherited)",
				);
				GCC_WARN_64_TO_32_BIT_CONVERSION = YES;
				GCC_WARN_ABOUT_RETURN_TYPE = YES_ERROR;
				GCC_WARN_UNDECLARED_SELECTOR = YES;
				GCC_WARN_UNINITIALIZED_AUTOS = YES_AGGRESSIVE;
				GCC_WARN_UNUSED_FUNCTION = YES;
				GCC_WARN_UNUSED_VARIABLE = YES;
				IPHONEOS_DEPLOYMENT_TARGET = 12.1;
				MTL_ENABLE_DEBUG_INFO = INCLUDE_SOURCE;
				MTL_FAST_MATH = YES;
				ONLY_ACTIVE_ARCH = YES;
				SDKROOT = iphoneos;
				SWIFT_ACTIVE_COMPILATION_CONDITIONS = DEBUG;
				SWIFT_OPTIMIZATION_LEVEL = "-Onone";
			};
			name = Debug;
		};
		9575088C2226747F00BC905A /* Release */ = {
			isa = XCBuildConfiguration;
			buildSettings = {
				ALWAYS_SEARCH_USER_PATHS = NO;
				CLANG_ANALYZER_NONNULL = YES;
				CLANG_ANALYZER_NUMBER_OBJECT_CONVERSION = YES_AGGRESSIVE;
				CLANG_CXX_LANGUAGE_STANDARD = "gnu++14";
				CLANG_CXX_LIBRARY = "libc++";
				CLANG_ENABLE_MODULES = YES;
				CLANG_ENABLE_OBJC_ARC = YES;
				CLANG_ENABLE_OBJC_WEAK = YES;
				CLANG_WARN_BLOCK_CAPTURE_AUTORELEASING = YES;
				CLANG_WARN_BOOL_CONVERSION = YES;
				CLANG_WARN_COMMA = YES;
				CLANG_WARN_CONSTANT_CONVERSION = YES;
				CLANG_WARN_DEPRECATED_OBJC_IMPLEMENTATIONS = YES;
				CLANG_WARN_DIRECT_OBJC_ISA_USAGE = YES_ERROR;
				CLANG_WARN_DOCUMENTATION_COMMENTS = YES;
				CLANG_WARN_EMPTY_BODY = YES;
				CLANG_WARN_ENUM_CONVERSION = YES;
				CLANG_WARN_INFINITE_RECURSION = YES;
				CLANG_WARN_INT_CONVERSION = YES;
				CLANG_WARN_NON_LITERAL_NULL_CONVERSION = YES;
				CLANG_WARN_OBJC_IMPLICIT_RETAIN_SELF = YES;
				CLANG_WARN_OBJC_LITERAL_CONVERSION = YES;
				CLANG_WARN_OBJC_ROOT_CLASS = YES_ERROR;
				CLANG_WARN_QUOTED_INCLUDE_IN_FRAMEWORK_HEADER = YES;
				CLANG_WARN_RANGE_LOOP_ANALYSIS = YES;
				CLANG_WARN_STRICT_PROTOTYPES = YES;
				CLANG_WARN_SUSPICIOUS_MOVE = YES;
				CLANG_WARN_UNGUARDED_AVAILABILITY = YES_AGGRESSIVE;
				CLANG_WARN_UNREACHABLE_CODE = YES;
				CLANG_WARN__DUPLICATE_METHOD_MATCH = YES;
				CODE_SIGN_IDENTITY = "iPhone Developer";
				COPY_PHASE_STRIP = NO;
				DEBUG_INFORMATION_FORMAT = "dwarf-with-dsym";
				ENABLE_NS_ASSERTIONS = NO;
				ENABLE_STRICT_OBJC_MSGSEND = YES;
				GCC_C_LANGUAGE_STANDARD = gnu11;
				GCC_NO_COMMON_BLOCKS = YES;
				GCC_WARN_64_TO_32_BIT_CONVERSION = YES;
				GCC_WARN_ABOUT_RETURN_TYPE = YES_ERROR;
				GCC_WARN_UNDECLARED_SELECTOR = YES;
				GCC_WARN_UNINITIALIZED_AUTOS = YES_AGGRESSIVE;
				GCC_WARN_UNUSED_FUNCTION = YES;
				GCC_WARN_UNUSED_VARIABLE = YES;
				IPHONEOS_DEPLOYMENT_TARGET = 12.1;
				MTL_ENABLE_DEBUG_INFO = NO;
				MTL_FAST_MATH = YES;
				SDKROOT = iphoneos;
				SWIFT_COMPILATION_MODE = wholemodule;
				SWIFT_OPTIMIZATION_LEVEL = "-O";
				VALIDATE_PRODUCT = YES;
			};
			name = Release;
		};
		9575088E2226747F00BC905A /* Debug */ = {
			isa = XCBuildConfiguration;
			baseConfigurationReference = D7AA7368D4E88C8E566CBB8A /* Pods-SwiftMotorcycles.debug.xcconfig */;
			buildSettings = {
				ASSETCATALOG_COMPILER_APPICON_NAME = AppIcon;
				CODE_SIGN_STYLE = Automatic;
				DEVELOPMENT_TEAM = VTHEP2B7UP;
				INFOPLIST_FILE = SwiftMotorcycles/Info.plist;
				IPHONEOS_DEPLOYMENT_TARGET = 12.0;
				LD_RUNPATH_SEARCH_PATHS = (
					"$(inherited)",
					"@executable_path/Frameworks",
				);
				PRODUCT_BUNDLE_IDENTIFIER = se.idoapps.motorcycles;
				PRODUCT_NAME = Motorcycles;
				SWIFT_VERSION = 5.0;
				TARGETED_DEVICE_FAMILY = 1;
			};
			name = Debug;
		};
		9575088F2226747F00BC905A /* Release */ = {
			isa = XCBuildConfiguration;
			baseConfigurationReference = 1AAD7EC140455439DA7F0848 /* Pods-SwiftMotorcycles.release.xcconfig */;
			buildSettings = {
				ASSETCATALOG_COMPILER_APPICON_NAME = AppIcon;
				CODE_SIGN_STYLE = Automatic;
				DEVELOPMENT_TEAM = VTHEP2B7UP;
				INFOPLIST_FILE = SwiftMotorcycles/Info.plist;
				IPHONEOS_DEPLOYMENT_TARGET = 12.0;
				LD_RUNPATH_SEARCH_PATHS = (
					"$(inherited)",
					"@executable_path/Frameworks",
				);
				PRODUCT_BUNDLE_IDENTIFIER = se.idoapps.motorcycles;
				PRODUCT_NAME = Motorcycles;
				SWIFT_VERSION = 5.0;
				TARGETED_DEVICE_FAMILY = 1;
			};
			name = Release;
		};
		957508912226747F00BC905A /* Debug */ = {
			isa = XCBuildConfiguration;
			baseConfigurationReference = 027835A7540B1149AE87C7E9 /* Pods-SwiftMotorcyclesTests.debug.xcconfig */;
			buildSettings = {
				ALWAYS_EMBED_SWIFT_STANDARD_LIBRARIES = YES;
				BUNDLE_LOADER = "$(TEST_HOST)";
				CODE_SIGN_STYLE = Automatic;
				DEVELOPMENT_TEAM = VTHEP2B7UP;
				INFOPLIST_FILE = SwiftMotorcyclesTests/Info.plist;
				LD_RUNPATH_SEARCH_PATHS = (
					"$(inherited)",
					"@executable_path/Frameworks",
					"@loader_path/Frameworks",
				);
				PRODUCT_BUNDLE_IDENTIFIER = se.idoapps.SwiftMotorcyclesTests;
				PRODUCT_NAME = "$(TARGET_NAME)";
				SWIFT_VERSION = 5.0;
				TARGETED_DEVICE_FAMILY = "1,2";
				TEST_HOST = "$(BUILT_PRODUCTS_DIR)/Motorcycles.app/Motorcycles";
			};
			name = Debug;
		};
		957508922226747F00BC905A /* Release */ = {
			isa = XCBuildConfiguration;
			baseConfigurationReference = B1520A579CDDC00F8CD083E3 /* Pods-SwiftMotorcyclesTests.release.xcconfig */;
			buildSettings = {
				ALWAYS_EMBED_SWIFT_STANDARD_LIBRARIES = YES;
				BUNDLE_LOADER = "$(TEST_HOST)";
				CODE_SIGN_STYLE = Automatic;
				DEVELOPMENT_TEAM = VTHEP2B7UP;
				INFOPLIST_FILE = SwiftMotorcyclesTests/Info.plist;
				LD_RUNPATH_SEARCH_PATHS = (
					"$(inherited)",
					"@executable_path/Frameworks",
					"@loader_path/Frameworks",
				);
				PRODUCT_BUNDLE_IDENTIFIER = se.idoapps.SwiftMotorcyclesTests;
				PRODUCT_NAME = "$(TARGET_NAME)";
				SWIFT_VERSION = 5.0;
				TARGETED_DEVICE_FAMILY = "1,2";
				TEST_HOST = "$(BUILT_PRODUCTS_DIR)/Motorcycles.app/Motorcycles";
			};
			name = Release;
		};
		957508942226747F00BC905A /* Debug */ = {
			isa = XCBuildConfiguration;
			baseConfigurationReference = 3AE7FADDDB9492F1B0BAB60C /* Pods-SwiftMotorcycles-SwiftMotorcyclesUITests.debug.xcconfig */;
			buildSettings = {
				ALWAYS_EMBED_SWIFT_STANDARD_LIBRARIES = YES;
				CODE_SIGN_STYLE = Automatic;
				DEVELOPMENT_TEAM = VTHEP2B7UP;
				INFOPLIST_FILE = SwiftMotorcyclesUITests/Info.plist;
				LD_RUNPATH_SEARCH_PATHS = (
					"$(inherited)",
					"@executable_path/Frameworks",
					"@loader_path/Frameworks",
				);
				PRODUCT_BUNDLE_IDENTIFIER = se.idoapps.SwiftMotorcyclesUITests;
				PRODUCT_NAME = "$(TARGET_NAME)";
				SWIFT_VERSION = 5.0;
				TARGETED_DEVICE_FAMILY = "1,2";
				TEST_TARGET_NAME = SwiftMotorcycles;
			};
			name = Debug;
		};
		957508952226747F00BC905A /* Release */ = {
			isa = XCBuildConfiguration;
			baseConfigurationReference = 176BCFF32211AD395B867376 /* Pods-SwiftMotorcycles-SwiftMotorcyclesUITests.release.xcconfig */;
			buildSettings = {
				ALWAYS_EMBED_SWIFT_STANDARD_LIBRARIES = YES;
				CODE_SIGN_STYLE = Automatic;
				DEVELOPMENT_TEAM = VTHEP2B7UP;
				INFOPLIST_FILE = SwiftMotorcyclesUITests/Info.plist;
				LD_RUNPATH_SEARCH_PATHS = (
					"$(inherited)",
					"@executable_path/Frameworks",
					"@loader_path/Frameworks",
				);
				PRODUCT_BUNDLE_IDENTIFIER = se.idoapps.SwiftMotorcyclesUITests;
				PRODUCT_NAME = "$(TARGET_NAME)";
				SWIFT_VERSION = 5.0;
				TARGETED_DEVICE_FAMILY = "1,2";
				TEST_TARGET_NAME = SwiftMotorcycles;
			};
			name = Release;
		};
/* End XCBuildConfiguration section */

/* Begin XCConfigurationList section */
		957508602226747E00BC905A /* Build configuration list for PBXProject "SwiftMotorcycles" */ = {
			isa = XCConfigurationList;
			buildConfigurations = (
				9575088B2226747F00BC905A /* Debug */,
				9575088C2226747F00BC905A /* Release */,
			);
			defaultConfigurationIsVisible = 0;
			defaultConfigurationName = Release;
		};
		9575088D2226747F00BC905A /* Build configuration list for PBXNativeTarget "SwiftMotorcycles" */ = {
			isa = XCConfigurationList;
			buildConfigurations = (
				9575088E2226747F00BC905A /* Debug */,
				9575088F2226747F00BC905A /* Release */,
			);
			defaultConfigurationIsVisible = 0;
			defaultConfigurationName = Release;
		};
		957508902226747F00BC905A /* Build configuration list for PBXNativeTarget "SwiftMotorcyclesTests" */ = {
			isa = XCConfigurationList;
			buildConfigurations = (
				957508912226747F00BC905A /* Debug */,
				957508922226747F00BC905A /* Release */,
			);
			defaultConfigurationIsVisible = 0;
			defaultConfigurationName = Release;
		};
		957508932226747F00BC905A /* Build configuration list for PBXNativeTarget "SwiftMotorcyclesUITests" */ = {
			isa = XCConfigurationList;
			buildConfigurations = (
				957508942226747F00BC905A /* Debug */,
				957508952226747F00BC905A /* Release */,
			);
			defaultConfigurationIsVisible = 0;
			defaultConfigurationName = Release;
		};
/* End XCConfigurationList section */
	};
	rootObject = 9575085D2226747E00BC905A /* Project object */;
}
